{
  "meteor": {
    "git": "https://github.com/meteor/meteor.git",
    "branch": "master",
    "commit": "f07715dc70de16a7aab84e56ab0c6cbd9c1f9dc6"
  },
  "dependencies": {
    "basePackages": {
      "blade": {},
      "roles": {}
    },
    "packages": {
      "blade": {
        "git": "https://github.com/bminer/node-blade.git",
        "tag": "v3.0.2",
        "commit": "68afeec7752c34ad47a61fe18319f2fbb6ff3913"
      },
      "roles": {
        "git": "https://github.com/alanning/meteor-roles.git",
        "tag": "v1.0.3",
        "commit": "1de73e6e43e3205472172ef24a3a01cf72482d38"
      }
    }
  }
}
