{
  "meteor": {
    "git": "https://github.com/meteor/meteor.git",
    "branch": "master",
    "commit": "f07715dc70de16a7aab84e56ab0c6cbd9c1f9dc6"
  },
  "dependencies": {
    "basePackages": {
      "blade": {},
      "roles": {},
      "mini-pages": {},
      "jade-handlebars": {}
    },
    "packages": {
      "blade": {
        "git": "https://github.com/bminer/node-blade.git",
        "tag": "v3.0.3",
        "commit": "30e8c96e19afbda6c03d07250c4cc2fa63daec76"
      },
      "roles": {
        "git": "https://github.com/alanning/meteor-roles.git",
        "tag": "v1.0.4",
        "commit": "22deeecc57d68fc8c0a3342a6dfebc93d1548f39"
      },
      "mini-pages": {
        "git": "https://github.com/cmather/meteor-mini-pages.git",
        "tag": "v0.3.0",
        "commit": "3de8b93dd4355ebbdcfaed7891350b349ee54815"
      },
      "jade-handlebars": {
        "git": "https://github.com/SimonDegraeve/meteor-jade-handlebars.git",
        "tag": "v0.2.7",
        "commit": "82f6f9ac43a68ffabe1d9b9620be2a4ca6790b56"
      },
      "page-js": {
        "git": "https://github.com/tmeasday/meteor-page-js.git",
        "tag": "v1.3.5",
        "commit": "c652f795a86498aa4609ab637a694710421cb218"
      }
    }
  }
}
